<?xml version="1.0" encoding="utf-8"?>
<Project ToolsVersion="4.0" xmlns="http://schemas.microsoft.com/developer/msbuild/2003">
  <ItemGroup>
    <Filter Include="shaders">
      <UniqueIdentifier>{0F45D591-7B24-542D-843C-DF03F09ABA8E}</UniqueIdentifier>
    </Filter>
    <Filter Include="src">
      <UniqueIdentifier>{2DAB880B-99B4-887C-2230-9F7C8E38947C}</UniqueIdentifier>
    </Filter>
    <Filter Include="src\player">
      <UniqueIdentifier>{C93B5972-B5F3-9ABF-1EFB-731B0AD235B0}</UniqueIdentifier>
    </Filter>
  </ItemGroup>
  <ItemGroup>
    <ClInclude Include="src\player\input_mapping.h">
      <Filter>src\player</Filter>
    </ClInclude>
    <ClInclude Include="src\player\pc_default.h">
      <Filter>src\player</Filter>
    </ClInclude>
  </ItemGroup>
  <ItemGroup>
    <ClCompile Include="src\entry.cpp">
      <Filter>src</Filter>
    </ClCompile>
    <ClCompile Include="src\player\pc_default.cpp">
      <Filter>src\player</Filter>
    </ClCompile>
  </ItemGroup>
  <ItemGroup>
    <None Include="shaders\default.frag">
      <Filter>shaders</Filter>
    </None>
    <None Include="shaders\default.vert">
      <Filter>shaders</Filter>
    </None>
  </ItemGroup>
</Project>