<?xml version="1.0" encoding="utf-8"?>
<Project ToolsVersion="4.0" xmlns="http://schemas.microsoft.com/developer/msbuild/2003">
  <ItemGroup>
    <Filter Include="engine">
      <UniqueIdentifier>{FBDB78FB-E77D-A3D1-D038-B725BC792A22}</UniqueIdentifier>
    </Filter>
    <Filter Include="engine\Events">
      <UniqueIdentifier>{7FDF9525-EB9F-115C-B4DA-5AD9205A5638}</UniqueIdentifier>
    </Filter>
    <Filter Include="engine\core">
      <UniqueIdentifier>{5341430D-BFF6-BB02-48EB-B5D9B49FB206}</UniqueIdentifier>
    </Filter>
  </ItemGroup>
  <ItemGroup>
    <ClInclude Include="src\PFF.h" />
    <ClInclude Include="src\engine\EntryPoint.h">
      <Filter>engine</Filter>
    </ClInclude>
    <ClInclude Include="src\engine\Events\ApplicationEvent.h">
      <Filter>engine\Events</Filter>
    </ClInclude>
    <ClInclude Include="src\engine\Events\Event.h">
      <Filter>engine\Events</Filter>
    </ClInclude>
    <ClInclude Include="src\engine\Events\KeyEvent.h">
      <Filter>engine\Events</Filter>
    </ClInclude>
    <ClInclude Include="src\engine\Events\MouseEvent.h">
      <Filter>engine\Events</Filter>
    </ClInclude>
    <ClInclude Include="src\engine\application.h">
      <Filter>engine</Filter>
    </ClInclude>
    <ClInclude Include="src\engine\core\Logger.h">
      <Filter>engine\core</Filter>
    </ClInclude>
    <ClInclude Include="src\engine\core\window.h">
      <Filter>engine\core</Filter>
    </ClInclude>
    <ClInclude Include="src\engine\types.h">
      <Filter>engine</Filter>
    </ClInclude>
    <ClInclude Include="src\engine\util.h">
      <Filter>engine</Filter>
    </ClInclude>
  </ItemGroup>
  <ItemGroup>
    <ClCompile Include="src\engine\application.cpp">
      <Filter>engine</Filter>
    </ClCompile>
    <ClCompile Include="src\engine\core\Logger.cpp">
      <Filter>engine\core</Filter>
    </ClCompile>
    <ClCompile Include="src\engine\core\window.cpp">
      <Filter>engine\core</Filter>
    </ClCompile>
    <ClCompile Include="src\glad.c" />
  </ItemGroup>
</Project>