<?xml version="1.0" encoding="utf-8"?>
<Project ToolsVersion="4.0" xmlns="http://schemas.microsoft.com/developer/msbuild/2003">
  <ItemGroup>
    <Filter Include="engine">
      <UniqueIdentifier>{FBDB78FB-E77D-A3D1-D038-B725BC792A22}</UniqueIdentifier>
    </Filter>
    <Filter Include="engine\render">
      <UniqueIdentifier>{2A265F8D-96E6-DAC3-5F21-2441CBA01FA0}</UniqueIdentifier>
    </Filter>
    <Filter Include="engine\window">
      <UniqueIdentifier>{A2545199-0E15-CDCF-D74F-164D43CF11AC}</UniqueIdentifier>
    </Filter>
    <Filter Include="util">
      <UniqueIdentifier>{43339F7C-2F6A-A00D-D856-8610C46C1C0F}</UniqueIdentifier>
    </Filter>
    <Filter Include="util\IOCore">
      <UniqueIdentifier>{B37B58F8-1F31-D1ED-A825-CBC414DAC7F1}</UniqueIdentifier>
    </Filter>
    <Filter Include="util\container">
      <UniqueIdentifier>{F54A8DD2-E118-81D8-CAAC-F1FEB6195D3D}</UniqueIdentifier>
    </Filter>
  </ItemGroup>
  <ItemGroup>
    <ClInclude Include="src\PFF.h" />
    <ClInclude Include="src\application.h" />
    <ClInclude Include="src\engine\config.h">
      <Filter>engine</Filter>
    </ClInclude>
    <ClInclude Include="src\engine\core.h">
      <Filter>engine</Filter>
    </ClInclude>
    <ClInclude Include="src\engine\global.h">
      <Filter>engine</Filter>
    </ClInclude>
    <ClInclude Include="src\engine\input.h">
      <Filter>engine</Filter>
    </ClInclude>
    <ClInclude Include="src\engine\render\render.h">
      <Filter>engine\render</Filter>
    </ClInclude>
    <ClInclude Include="src\engine\window\platform.h">
      <Filter>engine\window</Filter>
    </ClInclude>
    <ClInclude Include="src\entry_point.h" />
    <ClInclude Include="src\game_types.h" />
    <ClInclude Include="src\pch.h" />
    <ClInclude Include="src\util\IOCore\IOCore.h">
      <Filter>util\IOCore</Filter>
    </ClInclude>
    <ClInclude Include="src\util\IOCore\logger.h">
      <Filter>util\IOCore</Filter>
    </ClInclude>
    <ClInclude Include="src\util\container\c_vec.h">
      <Filter>util\container</Filter>
    </ClInclude>
    <ClInclude Include="src\util\pff_math.h">
      <Filter>util</Filter>
    </ClInclude>
    <ClInclude Include="src\util\pff_time.h">
      <Filter>util</Filter>
    </ClInclude>
    <ClInclude Include="src\util\types.h">
      <Filter>util</Filter>
    </ClInclude>
    <ClInclude Include="src\util\util.h">
      <Filter>util</Filter>
    </ClInclude>
  </ItemGroup>
  <ItemGroup>
    <ClCompile Include="src\application.c" />
    <ClCompile Include="src\engine\config.c">
      <Filter>engine</Filter>
    </ClCompile>
    <ClCompile Include="src\engine\global.c">
      <Filter>engine</Filter>
    </ClCompile>
    <ClCompile Include="src\engine\input.c">
      <Filter>engine</Filter>
    </ClCompile>
    <ClCompile Include="src\engine\render\render.c">
      <Filter>engine\render</Filter>
    </ClCompile>
    <ClCompile Include="src\engine\window\platform.c">
      <Filter>engine\window</Filter>
    </ClCompile>
    <ClCompile Include="src\glad.c" />
    <ClCompile Include="src\util\IOCore\IOCore.c">
      <Filter>util\IOCore</Filter>
    </ClCompile>
    <ClCompile Include="src\util\IOCore\logger.c">
      <Filter>util\IOCore</Filter>
    </ClCompile>
    <ClCompile Include="src\util\container\c_vec.c">
      <Filter>util\container</Filter>
    </ClCompile>
    <ClCompile Include="src\util\pff_math.c">
      <Filter>util</Filter>
    </ClCompile>
    <ClCompile Include="src\util\pff_time.c">
      <Filter>util</Filter>
    </ClCompile>
  </ItemGroup>
</Project>