<?xml version="1.0" encoding="utf-8"?>
<Project ToolsVersion="4.0" xmlns="http://schemas.microsoft.com/developer/msbuild/2003">
  <ItemGroup>
    <Filter Include="engine">
      <UniqueIdentifier>{FBDB78FB-E77D-A3D1-D038-B725BC792A22}</UniqueIdentifier>
    </Filter>
    <Filter Include="engine\events">
      <UniqueIdentifier>{9FF33A70-0BB4-B6A6-D4EE-FF23406EFB82}</UniqueIdentifier>
    </Filter>
    <Filter Include="engine\game_objects">
      <UniqueIdentifier>{ADBB125B-191D-F068-A28A-361B0EEB2628}</UniqueIdentifier>
    </Filter>
    <Filter Include="engine\geometry">
      <UniqueIdentifier>{D64FE53D-42DB-5202-4BEC-D5F6B7F6AE02}</UniqueIdentifier>
    </Filter>
    <Filter Include="engine\layer">
      <UniqueIdentifier>{27B946B6-131C-D65A-BCA1-0E11A8E3A1DD}</UniqueIdentifier>
    </Filter>
    <Filter Include="engine\map">
      <UniqueIdentifier>{E8034884-D4BB-89D1-3DC3-622D299A24C2}</UniqueIdentifier>
    </Filter>
    <Filter Include="engine\platform">
      <UniqueIdentifier>{CF5EE486-3BEA-514B-44FB-D43FB005AE4B}</UniqueIdentifier>
    </Filter>
    <Filter Include="engine\render">
      <UniqueIdentifier>{2A265F8D-96E6-DAC3-5F21-2441CBA01FA0}</UniqueIdentifier>
    </Filter>
    <Filter Include="util">
      <UniqueIdentifier>{43339F7C-2F6A-A00D-D856-8610C46C1C0F}</UniqueIdentifier>
    </Filter>
    <Filter Include="util\io">
      <UniqueIdentifier>{4AE65B48-B6C5-DAE3-BFDD-65BA2B3C4145}</UniqueIdentifier>
    </Filter>
    <Filter Include="util\math">
      <UniqueIdentifier>{1CA6F0CE-8810-A545-D14E-56EB3DF8829A}</UniqueIdentifier>
    </Filter>
    <Filter Include="util\platform">
      <UniqueIdentifier>{1767156D-8327-91A3-4C62-DA20B8E1D57F}</UniqueIdentifier>
    </Filter>
  </ItemGroup>
  <ItemGroup>
    <ClInclude Include="src\PFF.h" />
    <ClInclude Include="src\application.h" />
    <ClInclude Include="src\engine\events\application_event.h">
      <Filter>engine\events</Filter>
    </ClInclude>
    <ClInclude Include="src\engine\events\event.h">
      <Filter>engine\events</Filter>
    </ClInclude>
    <ClInclude Include="src\engine\events\key_event.h">
      <Filter>engine\events</Filter>
    </ClInclude>
    <ClInclude Include="src\engine\events\mouse_event.h">
      <Filter>engine\events</Filter>
    </ClInclude>
    <ClInclude Include="src\engine\game_objects\game_object.h">
      <Filter>engine\game_objects</Filter>
    </ClInclude>
    <ClInclude Include="src\engine\geometry\basic_mesh.h">
      <Filter>engine\geometry</Filter>
    </ClInclude>
    <ClInclude Include="src\engine\layer\imgui_layer.h">
      <Filter>engine\layer</Filter>
    </ClInclude>
    <ClInclude Include="src\engine\layer\layer.h">
      <Filter>engine\layer</Filter>
    </ClInclude>
    <ClInclude Include="src\engine\layer\layer_stack.h">
      <Filter>engine\layer</Filter>
    </ClInclude>
    <ClInclude Include="src\engine\map\game_map.h">
      <Filter>engine\map</Filter>
    </ClInclude>
    <ClInclude Include="src\engine\platform\pff_window.h">
      <Filter>engine\platform</Filter>
    </ClInclude>
    <ClInclude Include="src\engine\render\render_system.h">
      <Filter>engine\render</Filter>
    </ClInclude>
    <ClInclude Include="src\engine\render\renderer.h">
      <Filter>engine\render</Filter>
    </ClInclude>
    <ClInclude Include="src\engine\render\vk_device.h">
      <Filter>engine\render</Filter>
    </ClInclude>
    <ClInclude Include="src\engine\render\vk_pipeline.h">
      <Filter>engine\render</Filter>
    </ClInclude>
    <ClInclude Include="src\engine\render\vk_swapchain.h">
      <Filter>engine\render</Filter>
    </ClInclude>
    <ClInclude Include="src\entry_point.h" />
    <ClInclude Include="src\util\data_types.h">
      <Filter>util</Filter>
    </ClInclude>
    <ClInclude Include="src\util\io\config.h">
      <Filter>util\io</Filter>
    </ClInclude>
    <ClInclude Include="src\util\io\io_handler.h">
      <Filter>util\io</Filter>
    </ClInclude>
    <ClInclude Include="src\util\logger.h">
      <Filter>util</Filter>
    </ClInclude>
    <ClInclude Include="src\util\math\constance.h">
      <Filter>util\math</Filter>
    </ClInclude>
    <ClInclude Include="src\util\pffpch.h">
      <Filter>util</Filter>
    </ClInclude>
    <ClInclude Include="src\util\platform\windows_util.h">
      <Filter>util\platform</Filter>
    </ClInclude>
    <ClInclude Include="src\util\util.h">
      <Filter>util</Filter>
    </ClInclude>
  </ItemGroup>
  <ItemGroup>
    <ClCompile Include="src\application.cpp" />
    <ClCompile Include="src\engine\game_objects\game_object.cpp">
      <Filter>engine\game_objects</Filter>
    </ClCompile>
    <ClCompile Include="src\engine\geometry\basic_mesh.cpp">
      <Filter>engine\geometry</Filter>
    </ClCompile>
    <ClCompile Include="src\engine\layer\imgui_layer.cpp">
      <Filter>engine\layer</Filter>
    </ClCompile>
    <ClCompile Include="src\engine\layer\layer.cpp">
      <Filter>engine\layer</Filter>
    </ClCompile>
    <ClCompile Include="src\engine\layer\layer_stack.cpp">
      <Filter>engine\layer</Filter>
    </ClCompile>
    <ClCompile Include="src\engine\map\game_map.cpp">
      <Filter>engine\map</Filter>
    </ClCompile>
    <ClCompile Include="src\engine\platform\pff_window.cpp">
      <Filter>engine\platform</Filter>
    </ClCompile>
    <ClCompile Include="src\engine\render\render_system.cpp">
      <Filter>engine\render</Filter>
    </ClCompile>
    <ClCompile Include="src\engine\render\renderer.cpp">
      <Filter>engine\render</Filter>
    </ClCompile>
    <ClCompile Include="src\engine\render\vk_device.cpp">
      <Filter>engine\render</Filter>
    </ClCompile>
    <ClCompile Include="src\engine\render\vk_pipeline.cpp">
      <Filter>engine\render</Filter>
    </ClCompile>
    <ClCompile Include="src\engine\render\vk_swapchain.cpp">
      <Filter>engine\render</Filter>
    </ClCompile>
    <ClCompile Include="src\util\io\config.cpp">
      <Filter>util\io</Filter>
    </ClCompile>
    <ClCompile Include="src\util\io\io_handler.cpp">
      <Filter>util\io</Filter>
    </ClCompile>
    <ClCompile Include="src\util\logger.cpp">
      <Filter>util</Filter>
    </ClCompile>
    <ClCompile Include="src\util\pffpch.cpp">
      <Filter>util</Filter>
    </ClCompile>
  </ItemGroup>
</Project>