<?xml version="1.0" encoding="utf-8"?>
<Project ToolsVersion="4.0" xmlns="http://schemas.microsoft.com/developer/msbuild/2003">
  <ItemGroup>
    <Filter Include="controller">
      <UniqueIdentifier>{09C867BF-F57F-A90C-5E87-82684A5E44FD}</UniqueIdentifier>
    </Filter>
    <Filter Include="resource_management">
      <UniqueIdentifier>{89094B2A-F56A-2838-7ED8-6EEAEA385FF7}</UniqueIdentifier>
    </Filter>
    <Filter Include="resource_management\factories">
      <UniqueIdentifier>{5874F3EC-C48C-DA16-8D39-6AB0F9106FB0}</UniqueIdentifier>
    </Filter>
    <Filter Include="toolkit">
      <UniqueIdentifier>{AB7025F0-1750-A48B-2068-2F628CC60AED}</UniqueIdentifier>
    </Filter>
    <Filter Include="toolkit\settings">
      <UniqueIdentifier>{4BB27C36-37AB-9B88-60DD-800D4C357B94}</UniqueIdentifier>
    </Filter>
    <Filter Include="toolkit\todo_list">
      <UniqueIdentifier>{6B211ED9-D737-1C6F-20AF-A7908C04EDF6}</UniqueIdentifier>
    </Filter>
    <Filter Include="ui">
      <UniqueIdentifier>{C3795900-AF05-880B-18B4-880B045F880B}</UniqueIdentifier>
    </Filter>
    <Filter Include="util">
      <UniqueIdentifier>{43339F7C-2F6A-A00D-D856-8610C46C1C0F}</UniqueIdentifier>
    </Filter>
  </ItemGroup>
  <ItemGroup>
    <ClInclude Include="src\PFF_editor.h" />
    <ClInclude Include="src\controller\editor_controller.h">
      <Filter>controller</Filter>
    </ClInclude>
    <ClInclude Include="src\controller\editor_inputs.h">
      <Filter>controller</Filter>
    </ClInclude>
    <ClInclude Include="src\resource_management\factories\static_mesh_factory.h">
      <Filter>resource_management\factories</Filter>
    </ClInclude>
    <ClInclude Include="src\toolkit\settings\graphics_engine_settings.h">
      <Filter>toolkit\settings</Filter>
    </ClInclude>
    <ClInclude Include="src\toolkit\texture_editor.h">
      <Filter>toolkit</Filter>
    </ClInclude>
    <ClInclude Include="src\toolkit\todo_list\todo_list.h">
      <Filter>toolkit\todo_list</Filter>
    </ClInclude>
    <ClInclude Include="src\ui\content_browser.h">
      <Filter>ui</Filter>
    </ClInclude>
    <ClInclude Include="src\ui\editor_layer.h">
      <Filter>ui</Filter>
    </ClInclude>
    <ClInclude Include="src\ui\editor_window.h">
      <Filter>ui</Filter>
    </ClInclude>
    <ClInclude Include="src\ui\engine_wiki.h">
      <Filter>ui</Filter>
    </ClInclude>
    <ClInclude Include="src\ui\mesh_import_window.h">
      <Filter>ui</Filter>
    </ClInclude>
    <ClInclude Include="src\ui\world_viewport.h">
      <Filter>ui</Filter>
    </ClInclude>
    <ClInclude Include="src\util\pch_editor.h">
      <Filter>util</Filter>
    </ClInclude>
    <ClInclude Include="src\util\util_editor.h">
      <Filter>util</Filter>
    </ClInclude>
  </ItemGroup>
  <ItemGroup>
    <ClCompile Include="src\PFF_editor.cpp" />
    <ClCompile Include="src\controller\editor_controller.cpp">
      <Filter>controller</Filter>
    </ClCompile>
    <ClCompile Include="src\entry.cpp" />
    <ClCompile Include="src\resource_management\factories\static_mesh_factory.cpp">
      <Filter>resource_management\factories</Filter>
    </ClCompile>
    <ClCompile Include="src\toolkit\texture_editor.cpp">
      <Filter>toolkit</Filter>
    </ClCompile>
    <ClCompile Include="src\ui\content_browser.cpp">
      <Filter>ui</Filter>
    </ClCompile>
    <ClCompile Include="src\ui\editor_layer.cpp">
      <Filter>ui</Filter>
    </ClCompile>
    <ClCompile Include="src\ui\editor_window.cpp">
      <Filter>ui</Filter>
    </ClCompile>
    <ClCompile Include="src\ui\mesh_import_window.cpp">
      <Filter>ui</Filter>
    </ClCompile>
    <ClCompile Include="src\ui\world_viewport.cpp">
      <Filter>ui</Filter>
    </ClCompile>
    <ClCompile Include="src\util\pch_editor.cpp">
      <Filter>util</Filter>
    </ClCompile>
  </ItemGroup>
</Project>